// !$*UTF8*$!
{
	archiveVersion = 1;
	classes = {
	};
	objectVersion = 50;
	objects = {

/* Begin PBXBuildFile section */
		67E669460B5E1594D2EA5833 /* Pods_WeatherAppTest.framework in Frameworks */ = {isa = PBXBuildFile; fileRef = 2A5FDC5DBEA15C8892FB76FB /* Pods_WeatherAppTest.framework */; };
		AB7BF1A626BC37F3003EDA97 /* AppDelegate.swift in Sources */ = {isa = PBXBuildFile; fileRef = AB7BF1A526BC37F3003EDA97 /* AppDelegate.swift */; };
		AB7BF1AF26BC37F6003EDA97 /* Assets.xcassets in Resources */ = {isa = PBXBuildFile; fileRef = AB7BF1AE26BC37F6003EDA97 /* Assets.xcassets */; };
		AB7BF1B226BC37F6003EDA97 /* LaunchScreen.storyboard in Resources */ = {isa = PBXBuildFile; fileRef = AB7BF1B026BC37F6003EDA97 /* LaunchScreen.storyboard */; };
		AB7BF1C426BC3A85003EDA97 /* TableViewCell.swift in Sources */ = {isa = PBXBuildFile; fileRef = AB7BF1C326BC3A85003EDA97 /* TableViewCell.swift */; };
		AB7BF1DB26BC48A7003EDA97 /* Enums.swift in Sources */ = {isa = PBXBuildFile; fileRef = AB7BF1DA26BC48A7003EDA97 /* Enums.swift */; };
		AB7BF1DF26BC4DFB003EDA97 /* TableViewController.swift in Sources */ = {isa = PBXBuildFile; fileRef = AB7BF1DE26BC4DFB003EDA97 /* TableViewController.swift */; };
		AB7BF1E526BC614C003EDA97 /* DetailViewController.swift in Sources */ = {isa = PBXBuildFile; fileRef = AB7BF1E426BC614B003EDA97 /* DetailViewController.swift */; };
		AB7BF1EE26BC68DD003EDA97 /* NetworkWeatherManager.swift in Sources */ = {isa = PBXBuildFile; fileRef = AB7BF1ED26BC68DD003EDA97 /* NetworkWeatherManager.swift */; };
		AB7BF1F126BC68FF003EDA97 /* WeatherData.swift in Sources */ = {isa = PBXBuildFile; fileRef = AB7BF1F026BC68FF003EDA97 /* WeatherData.swift */; };
		AB7BF1F426BC691F003EDA97 /* GetCitiesWeather.swift in Sources */ = {isa = PBXBuildFile; fileRef = AB7BF1F326BC691F003EDA97 /* GetCitiesWeather.swift */; };
		AB7BF1F726BC692F003EDA97 /* Weather.swift in Sources */ = {isa = PBXBuildFile; fileRef = AB7BF1F626BC692F003EDA97 /* Weather.swift */; };
		AB7BF20126BC6965003EDA97 /* Extensions.swift in Sources */ = {isa = PBXBuildFile; fileRef = AB7BF20026BC6965003EDA97 /* Extensions.swift */; };
/* End PBXBuildFile section */

/* Begin PBXFileReference section */
		2A5FDC5DBEA15C8892FB76FB /* Pods_WeatherAppTest.framework */ = {isa = PBXFileReference; explicitFileType = wrapper.framework; includeInIndex = 0; path = Pods_WeatherAppTest.framework; sourceTree = BUILT_PRODUCTS_DIR; };
		30105D97D0DD59877752F369 /* Pods-WeatherAppTest.release.xcconfig */ = {isa = PBXFileReference; includeInIndex = 1; lastKnownFileType = text.xcconfig; name = "Pods-WeatherAppTest.release.xcconfig"; path = "Target Support Files/Pods-WeatherAppTest/Pods-WeatherAppTest.release.xcconfig"; sourceTree = "<group>"; };
		AB7BF1A226BC37F3003EDA97 /* WeatherAppTest.app */ = {isa = PBXFileReference; explicitFileType = wrapper.application; includeInIndex = 0; path = WeatherAppTest.app; sourceTree = BUILT_PRODUCTS_DIR; };
		AB7BF1A526BC37F3003EDA97 /* AppDelegate.swift */ = {isa = PBXFileReference; lastKnownFileType = sourcecode.swift; path = AppDelegate.swift; sourceTree = "<group>"; };
		AB7BF1AE26BC37F6003EDA97 /* Assets.xcassets */ = {isa = PBXFileReference; lastKnownFileType = folder.assetcatalog; path = Assets.xcassets; sourceTree = "<group>"; };
		AB7BF1B126BC37F6003EDA97 /* Base */ = {isa = PBXFileReference; lastKnownFileType = file.storyboard; name = Base; path = Base.lproj/LaunchScreen.storyboard; sourceTree = "<group>"; };
		AB7BF1B326BC37F6003EDA97 /* Info.plist */ = {isa = PBXFileReference; lastKnownFileType = text.plist.xml; path = Info.plist; sourceTree = "<group>"; };
		AB7BF1C326BC3A85003EDA97 /* TableViewCell.swift */ = {isa = PBXFileReference; lastKnownFileType = sourcecode.swift; path = TableViewCell.swift; sourceTree = "<group>"; };
		AB7BF1DA26BC48A7003EDA97 /* Enums.swift */ = {isa = PBXFileReference; lastKnownFileType = sourcecode.swift; path = Enums.swift; sourceTree = "<group>"; };
		AB7BF1DE26BC4DFB003EDA97 /* TableViewController.swift */ = {isa = PBXFileReference; lastKnownFileType = sourcecode.swift; path = TableViewController.swift; sourceTree = "<group>"; };
		AB7BF1E426BC614B003EDA97 /* DetailViewController.swift */ = {isa = PBXFileReference; lastKnownFileType = sourcecode.swift; path = DetailViewController.swift; sourceTree = "<group>"; };
		AB7BF1ED26BC68DD003EDA97 /* NetworkWeatherManager.swift */ = {isa = PBXFileReference; lastKnownFileType = sourcecode.swift; path = NetworkWeatherManager.swift; sourceTree = "<group>"; };
		AB7BF1F026BC68FF003EDA97 /* WeatherData.swift */ = {isa = PBXFileReference; lastKnownFileType = sourcecode.swift; path = WeatherData.swift; sourceTree = "<group>"; };
		AB7BF1F326BC691F003EDA97 /* GetCitiesWeather.swift */ = {isa = PBXFileReference; lastKnownFileType = sourcecode.swift; path = GetCitiesWeather.swift; sourceTree = "<group>"; };
		AB7BF1F626BC692F003EDA97 /* Weather.swift */ = {isa = PBXFileReference; lastKnownFileType = sourcecode.swift; path = Weather.swift; sourceTree = "<group>"; };
		AB7BF20026BC6965003EDA97 /* Extensions.swift */ = {isa = PBXFileReference; lastKnownFileType = sourcecode.swift; path = Extensions.swift; sourceTree = "<group>"; };
		C6228E26C4D9E90C33D4FAA2 /* Pods-WeatherAppTest.debug.xcconfig */ = {isa = PBXFileReference; includeInIndex = 1; lastKnownFileType = text.xcconfig; name = "Pods-WeatherAppTest.debug.xcconfig"; path = "Target Support Files/Pods-WeatherAppTest/Pods-WeatherAppTest.debug.xcconfig"; sourceTree = "<group>"; };
/* End PBXFileReference section */

/* Begin PBXFrameworksBuildPhase section */
		AB7BF19F26BC37F3003EDA97 /* Frameworks */ = {
			isa = PBXFrameworksBuildPhase;
			buildActionMask = 2147483647;
			files = (
				67E669460B5E1594D2EA5833 /* Pods_WeatherAppTest.framework in Frameworks */,
			);
			runOnlyForDeploymentPostprocessing = 0;
		};
/* End PBXFrameworksBuildPhase section */

/* Begin PBXGroup section */
		3DDE89340325584B9972344C /* Frameworks */ = {
			isa = PBXGroup;
			children = (
				2A5FDC5DBEA15C8892FB76FB /* Pods_WeatherAppTest.framework */,
			);
			name = Frameworks;
			sourceTree = "<group>";
		};
		66AFE0BD0946FD41CFBE75D4 /* Pods */ = {
			isa = PBXGroup;
			children = (
				C6228E26C4D9E90C33D4FAA2 /* Pods-WeatherAppTest.debug.xcconfig */,
				30105D97D0DD59877752F369 /* Pods-WeatherAppTest.release.xcconfig */,
			);
			name = Pods;
			path = Pods;
			sourceTree = "<group>";
		};
		AB7BF19926BC37F3003EDA97 = {
			isa = PBXGroup;
			children = (
				AB7BF1A426BC37F3003EDA97 /* WeahterAppTest */,
				AB7BF1A326BC37F3003EDA97 /* Products */,
				66AFE0BD0946FD41CFBE75D4 /* Pods */,
				3DDE89340325584B9972344C /* Frameworks */,
			);
			sourceTree = "<group>";
		};
		AB7BF1A326BC37F3003EDA97 /* Products */ = {
			isa = PBXGroup;
			children = (
				AB7BF1A226BC37F3003EDA97 /* WeatherAppTest.app */,
			);
			name = Products;
			sourceTree = "<group>";
		};
		AB7BF1A426BC37F3003EDA97 /* WeahterAppTest */ = {
			isa = PBXGroup;
			children = (
				AB7BF1EA26BC679C003EDA97 /* SupportingFiles */,
				AB7BF1E926BC6798003EDA97 /* View */,
				AB7BF1E826BC6792003EDA97 /* Model */,
			);
			path = WeahterAppTest;
			sourceTree = "<group>";
		};
		AB7BF1E826BC6792003EDA97 /* Model */ = {
			isa = PBXGroup;
			children = (
				AB7BF1ED26BC68DD003EDA97 /* NetworkWeatherManager.swift */,
				AB7BF1F026BC68FF003EDA97 /* WeatherData.swift */,
				AB7BF1F326BC691F003EDA97 /* GetCitiesWeather.swift */,
				AB7BF1F626BC692F003EDA97 /* Weather.swift */,
				AB7BF20026BC6965003EDA97 /* Extensions.swift */,
			);
			path = Model;
			sourceTree = "<group>";
		};
		AB7BF1E926BC6798003EDA97 /* View */ = {
			isa = PBXGroup;
			children = (
				AB7BF1DE26BC4DFB003EDA97 /* TableViewController.swift */,
				AB7BF1E426BC614B003EDA97 /* DetailViewController.swift */,
				AB7BF1C326BC3A85003EDA97 /* TableViewCell.swift */,
				AB7BF1B026BC37F6003EDA97 /* LaunchScreen.storyboard */,
			);
			path = View;
			sourceTree = "<group>";
		};
		AB7BF1EA26BC679C003EDA97 /* SupportingFiles */ = {
			isa = PBXGroup;
			children = (
				AB7BF1A526BC37F3003EDA97 /* AppDelegate.swift */,
				AB7BF1DA26BC48A7003EDA97 /* Enums.swift */,
				AB7BF1AE26BC37F6003EDA97 /* Assets.xcassets */,
				AB7BF1B326BC37F6003EDA97 /* Info.plist */,
			);
			path = SupportingFiles;
			sourceTree = "<group>";
		};
/* End PBXGroup section */

/* Begin PBXNativeTarget section */
		AB7BF1A126BC37F3003EDA97 /* WeatherAppTest */ = {
			isa = PBXNativeTarget;
			buildConfigurationList = AB7BF1B626BC37F6003EDA97 /* Build configuration list for PBXNativeTarget "WeatherAppTest" */;
			buildPhases = (
				4731507555338C6B361637F2 /* [CP] Check Pods Manifest.lock */,
				AB7BF19E26BC37F3003EDA97 /* Sources */,
				AB7BF19F26BC37F3003EDA97 /* Frameworks */,
				AB7BF1A026BC37F3003EDA97 /* Resources */,
				6159398184727887E6C78BF0 /* [CP] Embed Pods Frameworks */,
			);
			buildRules = (
			);
			dependencies = (
			);
			name = WeatherAppTest;
			productName = WeahterAppTest;
			productReference = AB7BF1A226BC37F3003EDA97 /* WeatherAppTest.app */;
			productType = "com.apple.product-type.application";
		};
/* End PBXNativeTarget section */

/* Begin PBXProject section */
		AB7BF19A26BC37F3003EDA97 /* Project object */ = {
			isa = PBXProject;
			attributes = {
				LastSwiftUpdateCheck = 1240;
				LastUpgradeCheck = 1240;
				TargetAttributes = {
					AB7BF1A126BC37F3003EDA97 = {
						CreatedOnToolsVersion = 12.4;
					};
				};
			};
			buildConfigurationList = AB7BF19D26BC37F3003EDA97 /* Build configuration list for PBXProject "WeatherAppTest" */;
			compatibilityVersion = "Xcode 9.3";
			developmentRegion = en;
			hasScannedForEncodings = 0;
			knownRegions = (
				en,
				Base,
			);
			mainGroup = AB7BF19926BC37F3003EDA97;
			productRefGroup = AB7BF1A326BC37F3003EDA97 /* Products */;
			projectDirPath = "";
			projectRoot = "";
			targets = (
				AB7BF1A126BC37F3003EDA97 /* WeatherAppTest */,
			);
		};
/* End PBXProject section */

/* Begin PBXResourcesBuildPhase section */
		AB7BF1A026BC37F3003EDA97 /* Resources */ = {
			isa = PBXResourcesBuildPhase;
			buildActionMask = 2147483647;
			files = (
				AB7BF1B226BC37F6003EDA97 /* LaunchScreen.storyboard in Resources */,
				AB7BF1AF26BC37F6003EDA97 /* Assets.xcassets in Resources */,
			);
			runOnlyForDeploymentPostprocessing = 0;
		};
/* End PBXResourcesBuildPhase section */

/* Begin PBXShellScriptBuildPhase section */
		4731507555338C6B361637F2 /* [CP] Check Pods Manifest.lock */ = {
			isa = PBXShellScriptBuildPhase;
			buildActionMask = 2147483647;
			files = (
			);
			inputFileListPaths = (
			);
			inputPaths = (
				"${PODS_PODFILE_DIR_PATH}/Podfile.lock",
				"${PODS_ROOT}/Manifest.lock",
			);
			name = "[CP] Check Pods Manifest.lock";
			outputFileListPaths = (
			);
			outputPaths = (
				"$(DERIVED_FILE_DIR)/Pods-WeatherAppTest-checkManifestLockResult.txt",
			);
			runOnlyForDeploymentPostprocessing = 0;
			shellPath = /bin/sh;
			shellScript = "diff \"${PODS_PODFILE_DIR_PATH}/Podfile.lock\" \"${PODS_ROOT}/Manifest.lock\" > /dev/null\nif [ $? != 0 ] ; then\n    # print error to STDERR\n    echo \"error: The sandbox is not in sync with the Podfile.lock. Run 'pod install' or update your CocoaPods installation.\" >&2\n    exit 1\nfi\n# This output is used by Xcode 'outputs' to avoid re-running this script phase.\necho \"SUCCESS\" > \"${SCRIPT_OUTPUT_FILE_0}\"\n";
			showEnvVarsInLog = 0;
		};
		6159398184727887E6C78BF0 /* [CP] Embed Pods Frameworks */ = {
			isa = PBXShellScriptBuildPhase;
			buildActionMask = 2147483647;
			files = (
			);
			inputFileListPaths = (
				"${PODS_ROOT}/Target Support Files/Pods-WeatherAppTest/Pods-WeatherAppTest-frameworks-${CONFIGURATION}-input-files.xcfilelist",
			);
			name = "[CP] Embed Pods Frameworks";
			outputFileListPaths = (
				"${PODS_ROOT}/Target Support Files/Pods-WeatherAppTest/Pods-WeatherAppTest-frameworks-${CONFIGURATION}-output-files.xcfilelist",
			);
			runOnlyForDeploymentPostprocessing = 0;
			shellPath = /bin/sh;
			shellScript = "\"${PODS_ROOT}/Target Support Files/Pods-WeatherAppTest/Pods-WeatherAppTest-frameworks.sh\"\n";
			showEnvVarsInLog = 0;
		};
/* End PBXShellScriptBuildPhase section */

/* Begin PBXSourcesBuildPhase section */
		AB7BF19E26BC37F3003EDA97 /* Sources */ = {
			isa = PBXSourcesBuildPhase;
			buildActionMask = 2147483647;
			files = (
				AB7BF20126BC6965003EDA97 /* Extensions.swift in Sources */,
				AB7BF1C426BC3A85003EDA97 /* TableViewCell.swift in Sources */,
				AB7BF1DB26BC48A7003EDA97 /* Enums.swift in Sources */,
				AB7BF1F426BC691F003EDA97 /* GetCitiesWeather.swift in Sources */,
				AB7BF1F126BC68FF003EDA97 /* WeatherData.swift in Sources */,
				AB7BF1F726BC692F003EDA97 /* Weather.swift in Sources */,
				AB7BF1E526BC614C003EDA97 /* DetailViewController.swift in Sources */,
				AB7BF1EE26BC68DD003EDA97 /* NetworkWeatherManager.swift in Sources */,
				AB7BF1A626BC37F3003EDA97 /* AppDelegate.swift in Sources */,
				AB7BF1DF26BC4DFB003EDA97 /* TableViewController.swift in Sources */,
			);
			runOnlyForDeploymentPostprocessing = 0;
		};
/* End PBXSourcesBuildPhase section */

/* Begin PBXVariantGroup section */
		AB7BF1B026BC37F6003EDA97 /* LaunchScreen.storyboard */ = {
			isa = PBXVariantGroup;
			children = (
				AB7BF1B126BC37F6003EDA97 /* Base */,
			);
			name = LaunchScreen.storyboard;
			sourceTree = "<group>";
		};
/* End PBXVariantGroup section */

/* Begin XCBuildConfiguration section */
		AB7BF1B426BC37F6003EDA97 /* Debug */ = {
			isa = XCBuildConfiguration;
			buildSettings = {
				ALWAYS_SEARCH_USER_PATHS = NO;
				CLANG_ANALYZER_NONNULL = YES;
				CLANG_ANALYZER_NUMBER_OBJECT_CONVERSION = YES_AGGRESSIVE;
				CLANG_CXX_LANGUAGE_STANDARD = "gnu++14";
				CLANG_CXX_LIBRARY = "libc++";
				CLANG_ENABLE_MODULES = YES;
				CLANG_ENABLE_OBJC_ARC = YES;
				CLANG_ENABLE_OBJC_WEAK = YES;
				CLANG_WARN_BLOCK_CAPTURE_AUTORELEASING = YES;
				CLANG_WARN_BOOL_CONVERSION = YES;
				CLANG_WARN_COMMA = YES;
				CLANG_WARN_CONSTANT_CONVERSION = YES;
				CLANG_WARN_DEPRECATED_OBJC_IMPLEMENTATIONS = YES;
				CLANG_WARN_DIRECT_OBJC_ISA_USAGE = YES_ERROR;
				CLANG_WARN_DOCUMENTATION_COMMENTS = YES;
				CLANG_WARN_EMPTY_BODY = YES;
				CLANG_WARN_ENUM_CONVERSION = YES;
				CLANG_WARN_INFINITE_RECURSION = YES;
				CLANG_WARN_INT_CONVERSION = YES;
				CLANG_WARN_NON_LITERAL_NULL_CONVERSION = YES;
				CLANG_WARN_OBJC_IMPLICIT_RETAIN_SELF = YES;
				CLANG_WARN_OBJC_LITERAL_CONVERSION = YES;
				CLANG_WARN_OBJC_ROOT_CLASS = YES_ERROR;
				CLANG_WARN_QUOTED_INCLUDE_IN_FRAMEWORK_HEADER = YES;
				CLANG_WARN_RANGE_LOOP_ANALYSIS = YES;
				CLANG_WARN_STRICT_PROTOTYPES = YES;
				CLANG_WARN_SUSPICIOUS_MOVE = YES;
				CLANG_WARN_UNGUARDED_AVAILABILITY = YES_AGGRESSIVE;
				CLANG_WARN_UNREACHABLE_CODE = YES;
				CLANG_WARN__DUPLICATE_METHOD_MATCH = YES;
				COPY_PHASE_STRIP = NO;
				DEBUG_INFORMATION_FORMAT = dwarf;
				ENABLE_STRICT_OBJC_MSGSEND = YES;
				ENABLE_TESTABILITY = YES;
				GCC_C_LANGUAGE_STANDARD = gnu11;
				GCC_DYNAMIC_NO_PIC = NO;
				GCC_NO_COMMON_BLOCKS = YES;
				GCC_OPTIMIZATION_LEVEL = 0;
				GCC_PREPROCESSOR_DEFINITIONS = (
					"DEBUG=1",
					"$(inherited)",
				);
				GCC_WARN_64_TO_32_BIT_CONVERSION = YES;
				GCC_WARN_ABOUT_RETURN_TYPE = YES_ERROR;
				GCC_WARN_UNDECLARED_SELECTOR = YES;
				GCC_WARN_UNINITIALIZED_AUTOS = YES_AGGRESSIVE;
				GCC_WARN_UNUSED_FUNCTION = YES;
				GCC_WARN_UNUSED_VARIABLE = YES;
				IPHONEOS_DEPLOYMENT_TARGET = 14.4;
				MTL_ENABLE_DEBUG_INFO = INCLUDE_SOURCE;
				MTL_FAST_MATH = YES;
				ONLY_ACTIVE_ARCH = YES;
				SDKROOT = iphoneos;
				SWIFT_ACTIVE_COMPILATION_CONDITIONS = DEBUG;
				SWIFT_OPTIMIZATION_LEVEL = "-Onone";
			};
			name = Debug;
		};
		AB7BF1B526BC37F6003EDA97 /* Release */ = {
			isa = XCBuildConfiguration;
			buildSettings = {
				ALWAYS_SEARCH_USER_PATHS = NO;
				CLANG_ANALYZER_NONNULL = YES;
				CLANG_ANALYZER_NUMBER_OBJECT_CONVERSION = YES_AGGRESSIVE;
				CLANG_CXX_LANGUAGE_STANDARD = "gnu++14";
				CLANG_CXX_LIBRARY = "libc++";
				CLANG_ENABLE_MODULES = YES;
				CLANG_ENABLE_OBJC_ARC = YES;
				CLANG_ENABLE_OBJC_WEAK = YES;
				CLANG_WARN_BLOCK_CAPTURE_AUTORELEASING = YES;
				CLANG_WARN_BOOL_CONVERSION = YES;
				CLANG_WARN_COMMA = YES;
				CLANG_WARN_CONSTANT_CONVERSION = YES;
				CLANG_WARN_DEPRECATED_OBJC_IMPLEMENTATIONS = YES;
				CLANG_WARN_DIRECT_OBJC_ISA_USAGE = YES_ERROR;
				CLANG_WARN_DOCUMENTATION_COMMENTS = YES;
				CLANG_WARN_EMPTY_BODY = YES;
				CLANG_WARN_ENUM_CONVERSION = YES;
				CLANG_WARN_INFINITE_RECURSION = YES;
				CLANG_WARN_INT_CONVERSION = YES;
				CLANG_WARN_NON_LITERAL_NULL_CONVERSION = YES;
				CLANG_WARN_OBJC_IMPLICIT_RETAIN_SELF = YES;
				CLANG_WARN_OBJC_LITERAL_CONVERSION = YES;
				CLANG_WARN_OBJC_ROOT_CLASS = YES_ERROR;
				CLANG_WARN_QUOTED_INCLUDE_IN_FRAMEWORK_HEADER = YES;
				CLANG_WARN_RANGE_LOOP_ANALYSIS = YES;
				CLANG_WARN_STRICT_PROTOTYPES = YES;
				CLANG_WARN_SUSPICIOUS_MOVE = YES;
				CLANG_WARN_UNGUARDED_AVAILABILITY = YES_AGGRESSIVE;
				CLANG_WARN_UNREACHABLE_CODE = YES;
				CLANG_WARN__DUPLICATE_METHOD_MATCH = YES;
				COPY_PHASE_STRIP = NO;
				DEBUG_INFORMATION_FORMAT = "dwarf-with-dsym";
				ENABLE_NS_ASSERTIONS = NO;
				ENABLE_STRICT_OBJC_MSGSEND = YES;
				GCC_C_LANGUAGE_STANDARD = gnu11;
				GCC_NO_COMMON_BLOCKS = YES;
				GCC_WARN_64_TO_32_BIT_CONVERSION = YES;
				GCC_WARN_ABOUT_RETURN_TYPE = YES_ERROR;
				GCC_WARN_UNDECLARED_SELECTOR = YES;
				GCC_WARN_UNINITIALIZED_AUTOS = YES_AGGRESSIVE;
				GCC_WARN_UNUSED_FUNCTION = YES;
				GCC_WARN_UNUSED_VARIABLE = YES;
				IPHONEOS_DEPLOYMENT_TARGET = 14.4;
				MTL_ENABLE_DEBUG_INFO = NO;
				MTL_FAST_MATH = YES;
				SDKROOT = iphoneos;
				SWIFT_COMPILATION_MODE = wholemodule;
				SWIFT_OPTIMIZATION_LEVEL = "-O";
				VALIDATE_PRODUCT = YES;
			};
			name = Release;
		};
		AB7BF1B726BC37F6003EDA97 /* Debug */ = {
			isa = XCBuildConfiguration;
			baseConfigurationReference = C6228E26C4D9E90C33D4FAA2 /* Pods-WeatherAppTest.debug.xcconfig */;
			buildSettings = {
				ASSETCATALOG_COMPILER_APPICON_NAME = AppIcon;
				ASSETCATALOG_COMPILER_GLOBAL_ACCENT_COLOR_NAME = AccentColor;
				CODE_SIGN_STYLE = Automatic;
				DEVELOPMENT_TEAM = 2KRRAMT3WK;
				INFOPLIST_FILE = WeahterAppTest/SupportingFiles/Info.plist;
				IPHONEOS_DEPLOYMENT_TARGET = 11.2;
				LD_RUNPATH_SEARCH_PATHS = (
					"$(inherited)",
					"@executable_path/Frameworks",
				);
				PRODUCT_BUNDLE_IDENTIFIER = com.neosoft.WeahterAppTest;
				PRODUCT_NAME = "$(TARGET_NAME)";
				SWIFT_VERSION = 5.0;
				TARGETED_DEVICE_FAMILY = "1,2";
			};
			name = Debug;
		};
		AB7BF1B826BC37F6003EDA97 /* Release */ = {
			isa = XCBuildConfiguration;
			baseConfigurationReference = 30105D97D0DD59877752F369 /* Pods-WeatherAppTest.release.xcconfig */;
			buildSettings = {
				ASSETCATALOG_COMPILER_APPICON_NAME = AppIcon;
				ASSETCATALOG_COMPILER_GLOBAL_ACCENT_COLOR_NAME = AccentColor;
				CODE_SIGN_STYLE = Automatic;
				DEVELOPMENT_TEAM = 2KRRAMT3WK;
				INFOPLIST_FILE = WeahterAppTest/SupportingFiles/Info.plist;
				IPHONEOS_DEPLOYMENT_TARGET = 11.2;
				LD_RUNPATH_SEARCH_PATHS = (
					"$(inherited)",
					"@executable_path/Frameworks",
				);
				PRODUCT_BUNDLE_IDENTIFIER = com.neosoft.WeahterAppTest;
				PRODUCT_NAME = "$(TARGET_NAME)";
				SWIFT_VERSION = 5.0;
				TARGETED_DEVICE_FAMILY = "1,2";
			};
			name = Release;
		};
/* End XCBuildConfiguration section */

/* Begin XCConfigurationList section */
		AB7BF19D26BC37F3003EDA97 /* Build configuration list for PBXProject "WeatherAppTest" */ = {
			isa = XCConfigurationList;
			buildConfigurations = (
				AB7BF1B426BC37F6003EDA97 /* Debug */,
				AB7BF1B526BC37F6003EDA97 /* Release */,
			);
			defaultConfigurationIsVisible = 0;
			defaultConfigurationName = Release;
		};
		AB7BF1B626BC37F6003EDA97 /* Build configuration list for PBXNativeTarget "WeatherAppTest" */ = {
			isa = XCConfigurationList;
			buildConfigurations = (
				AB7BF1B726BC37F6003EDA97 /* Debug */,
				AB7BF1B826BC37F6003EDA97 /* Release */,
			);
			defaultConfigurationIsVisible = 0;
			defaultConfigurationName = Release;
		};
/* End XCConfigurationList section */
	};
	rootObject = AB7BF19A26BC37F3003EDA97 /* Project object */;
}
